
Microsoft Visual Studio Solution File, Format Version 12.00
# Visual Studio Version 17
VisualStudioVersion = 17.0.31919.166
MinimumVisualStudioVersion = 10.0.40219.1
Project("{9A19103F-16F7-4668-BE54-9A1E7A4F7556}") = "CLP", "CLP\CLP.csproj", "{E93711D7-5A23-4F78-95C8-0BC159081354}"
EndProject
Project("{9A19103F-16F7-4668-BE54-9A1E7A4F7556}") = "CLPTests", "CLPTests\CLPTests.csproj", "{327F9651-96E9-4E2A-989B-75A6E556C1D1}"
EndProject
Global
	GlobalSection(SolutionConfigurationPlatforms) = preSolution
		Debug|Any CPU = Debug|Any CPU
		Release|Any CPU = Release|Any CPU
	EndGlobalSection
	GlobalSection(ProjectConfigurationPlatforms) = postSolution
		{E93711D7-5A23-4F78-95C8-0BC159081354}.Debug|Any CPU.ActiveCfg = Debug|Any CPU
		{E93711D7-5A23-4F78-95C8-0BC159081354}.Debug|Any CPU.Build.0 = Debug|Any CPU
		{E93711D7-5A23-4F78-95C8-0BC159081354}.Release|Any CPU.ActiveCfg = Release|Any CPU
		{E93711D7-5A23-4F78-95C8-0BC159081354}.Release|Any CPU.Build.0 = Release|Any CPU
		{327F9651-96E9-4E2A-989B-75A6E556C1D1}.Debug|Any CPU.ActiveCfg = Debug|Any CPU
		{327F9651-96E9-4E2A-989B-75A6E556C1D1}.Debug|Any CPU.Build.0 = Debug|Any CPU
		{327F9651-96E9-4E2A-989B-75A6E556C1D1}.Release|Any CPU.ActiveCfg = Release|Any CPU
		{327F9651-96E9-4E2A-989B-75A6E556C1D1}.Release|Any CPU.Build.0 = Release|Any CPU
	EndGlobalSection
	GlobalSection(SolutionProperties) = preSolution
		HideSolutionNode = FALSE
	EndGlobalSection
	GlobalSection(ExtensibilityGlobals) = postSolution
		SolutionGuid = {088587C0-79D4-4CE2-BDD2-E0B2C37B9587}
	EndGlobalSection
EndGlobal
